// !$*UTF8*$!
{
	archiveVersion = 1;
	classes = {
	};
	objectVersion = 77;
	objects = {

/* Begin PBXContainerItemProxy section */
		C095C7EC2DF5F37E002953F0 /* PBXContainerItemProxy */ = {
			isa = PBXContainerItemProxy;
			containerPortal = C095C7D62DF5F37D002953F0 /* Project object */;
			proxyType = 1;
			remoteGlobalIDString = C095C7DD2DF5F37D002953F0;
			remoteInfo = FinancialTracker;
		};
		C095C7F62DF5F37E002953F0 /* PBXContainerItemProxy */ = {
			isa = PBXContainerItemProxy;
			containerPortal = C095C7D62DF5F37D002953F0 /* Project object */;
			proxyType = 1;
			remoteGlobalIDString = C095C7DD2DF5F37D002953F0;
			remoteInfo = FinancialTracker;
		};
/* End PBXContainerItemProxy section */

/* Begin PBXFileReference section */
		C095C7DE2DF5F37D002953F0 /* FinancialTracker.app */ = {isa = PBXFileReference; explicitFileType = wrapper.application; includeInIndex = 0; path = FinancialTracker.app; sourceTree = BUILT_PRODUCTS_DIR; };
		C095C7EB2DF5F37E002953F0 /* FinancialTrackerTests.xctest */ = {isa = PBXFileReference; explicitFileType = wrapper.cfbundle; includeInIndex = 0; path = FinancialTrackerTests.xctest; sourceTree = BUILT_PRODUCTS_DIR; };
		C095C7F52DF5F37E002953F0 /* FinancialTrackerUITests.xctest */ = {isa = PBXFileReference; explicitFileType = wrapper.cfbundle; includeInIndex = 0; path = FinancialTrackerUITests.xctest; sourceTree = BUILT_PRODUCTS_DIR; };
/* End PBXFileReference section */

/* Begin PBXFileSystemSynchronizedRootGroup section */
		C095C7E02DF5F37D002953F0 /* FinancialTracker */ = {
			isa = PBXFileSystemSynchronizedRootGroup;
			path = FinancialTracker;
			sourceTree = "<group>";
		};
		C095C7EE2DF5F37E002953F0 /* FinancialTrackerTests */ = {
			isa = PBXFileSystemSynchronizedRootGroup;
			path = FinancialTrackerTests;
			sourceTree = "<group>";
		};
		C095C7F82DF5F37E002953F0 /* FinancialTrackerUITests */ = {
			isa = PBXFileSystemSynchronizedRootGroup;
			path = FinancialTrackerUITests;
			sourceTree = "<group>";
		};
/* End PBXFileSystemSynchronizedRootGroup section */

/* Begin PBXFrameworksBuildPhase section */
		C095C7DB2DF5F37D002953F0 /* Frameworks */ = {
			isa = PBXFrameworksBuildPhase;
			buildActionMask = 2147483647;
			files = (
			);
			runOnlyForDeploymentPostprocessing = 0;
		};
		C095C7E82DF5F37E002953F0 /* Frameworks */ = {
			isa = PBXFrameworksBuildPhase;
			buildActionMask = 2147483647;
			files = (
			);
			runOnlyForDeploymentPostprocessing = 0;
		};
		C095C7F22DF5F37E002953F0 /* Frameworks */ = {
			isa = PBXFrameworksBuildPhase;
			buildActionMask = 2147483647;
			files = (
			);
			runOnlyForDeploymentPostprocessing = 0;
		};
/* End PBXFrameworksBuildPhase section */

/* Begin PBXGroup section */
		C095C7D52DF5F37D002953F0 = {
			isa = PBXGroup;
			children = (
				C095C7E02DF5F37D002953F0 /* FinancialTracker */,
				C095C7EE2DF5F37E002953F0 /* FinancialTrackerTests */,
				C095C7F82DF5F37E002953F0 /* FinancialTrackerUITests */,
				C095C7DF2DF5F37D002953F0 /* Products */,
			);
			sourceTree = "<group>";
		};
		C095C7DF2DF5F37D002953F0 /* Products */ = {
			isa = PBXGroup;
			children = (
				C095C7DE2DF5F37D002953F0 /* FinancialTracker.app */,
				C095C7EB2DF5F37E002953F0 /* FinancialTrackerTests.xctest */,
				C095C7F52DF5F37E002953F0 /* FinancialTrackerUITests.xctest */,
			);
			name = Products;
			sourceTree = "<group>";
		};
/* End PBXGroup section */

/* Begin PBXNativeTarget section */
		C095C7DD2DF5F37D002953F0 /* FinancialTracker */ = {
			isa = PBXNativeTarget;
			buildConfigurationList = C095C7FF2DF5F37E002953F0 /* Build configuration list for PBXNativeTarget "FinancialTracker" */;
			buildPhases = (
				C095C7DA2DF5F37D002953F0 /* Sources */,
				C095C7DB2DF5F37D002953F0 /* Frameworks */,
				C095C7DC2DF5F37D002953F0 /* Resources */,
			);
			buildRules = (
			);
			dependencies = (
			);
			fileSystemSynchronizedGroups = (
				C095C7E02DF5F37D002953F0 /* FinancialTracker */,
			);
			name = FinancialTracker;
			packageProductDependencies = (
			);
			productName = FinancialTracker;
			productReference = C095C7DE2DF5F37D002953F0 /* FinancialTracker.app */;
			productType = "com.apple.product-type.application";
		};
		C095C7EA2DF5F37E002953F0 /* FinancialTrackerTests */ = {
			isa = PBXNativeTarget;
			buildConfigurationList = C095C8022DF5F37E002953F0 /* Build configuration list for PBXNativeTarget "FinancialTrackerTests" */;
			buildPhases = (
				C095C7E72DF5F37E002953F0 /* Sources */,
				C095C7E82DF5F37E002953F0 /* Frameworks */,
				C095C7E92DF5F37E002953F0 /* Resources */,
			);
			buildRules = (
			);
			dependencies = (
				C095C7ED2DF5F37E002953F0 /* PBXTargetDependency */,
			);
			fileSystemSynchronizedGroups = (
				C095C7EE2DF5F37E002953F0 /* FinancialTrackerTests */,
			);
			name = FinancialTrackerTests;
			packageProductDependencies = (
			);
			productName = FinancialTrackerTests;
			productReference = C095C7EB2DF5F37E002953F0 /* FinancialTrackerTests.xctest */;
			productType = "com.apple.product-type.bundle.unit-test";
		};
		C095C7F42DF5F37E002953F0 /* FinancialTrackerUITests */ = {
			isa = PBXNativeTarget;
			buildConfigurationList = C095C8052DF5F37E002953F0 /* Build configuration list for PBXNativeTarget "FinancialTrackerUITests" */;
			buildPhases = (
				C095C7F12DF5F37E002953F0 /* Sources */,
				C095C7F22DF5F37E002953F0 /* Frameworks */,
				C095C7F32DF5F37E002953F0 /* Resources */,
			);
			buildRules = (
			);
			dependencies = (
				C095C7F72DF5F37E002953F0 /* PBXTargetDependency */,
			);
			fileSystemSynchronizedGroups = (
				C095C7F82DF5F37E002953F0 /* FinancialTrackerUITests */,
			);
			name = FinancialTrackerUITests;
			packageProductDependencies = (
			);
			productName = FinancialTrackerUITests;
			productReference = C095C7F52DF5F37E002953F0 /* FinancialTrackerUITests.xctest */;
			productType = "com.apple.product-type.bundle.ui-testing";
		};
/* End PBXNativeTarget section */

/* Begin PBXProject section */
		C095C7D62DF5F37D002953F0 /* Project object */ = {
			isa = PBXProject;
			attributes = {
				BuildIndependentTargetsInParallel = 1;
				LastSwiftUpdateCheck = 1640;
				LastUpgradeCheck = 1640;
				TargetAttributes = {
					C095C7DD2DF5F37D002953F0 = {
						CreatedOnToolsVersion = 16.4;
					};
					C095C7EA2DF5F37E002953F0 = {
						CreatedOnToolsVersion = 16.4;
						TestTargetID = C095C7DD2DF5F37D002953F0;
					};
					C095C7F42DF5F37E002953F0 = {
						CreatedOnToolsVersion = 16.4;
						TestTargetID = C095C7DD2DF5F37D002953F0;
					};
				};
			};
			buildConfigurationList = C095C7D92DF5F37D002953F0 /* Build configuration list for PBXProject "FinancialTracker" */;
			developmentRegion = en;
			hasScannedForEncodings = 0;
			knownRegions = (
				en,
				Base,
			);
			mainGroup = C095C7D52DF5F37D002953F0;
			minimizedProjectReferenceProxies = 1;
			preferredProjectObjectVersion = 77;
			productRefGroup = C095C7DF2DF5F37D002953F0 /* Products */;
			projectDirPath = "";
			projectRoot = "";
			targets = (
				C095C7DD2DF5F37D002953F0 /* FinancialTracker */,
				C095C7EA2DF5F37E002953F0 /* FinancialTrackerTests */,
				C095C7F42DF5F37E002953F0 /* FinancialTrackerUITests */,
			);
		};
/* End PBXProject section */

/* Begin PBXResourcesBuildPhase section */
		C095C7DC2DF5F37D002953F0 /* Resources */ = {
			isa = PBXResourcesBuildPhase;
			buildActionMask = 2147483647;
			files = (
			);
			runOnlyForDeploymentPostprocessing = 0;
		};
		C095C7E92DF5F37E002953F0 /* Resources */ = {
			isa = PBXResourcesBuildPhase;
			buildActionMask = 2147483647;
			files = (
			);
			runOnlyForDeploymentPostprocessing = 0;
		};
		C095C7F32DF5F37E002953F0 /* Resources */ = {
			isa = PBXResourcesBuildPhase;
			buildActionMask = 2147483647;
			files = (
			);
			runOnlyForDeploymentPostprocessing = 0;
		};
/* End PBXResourcesBuildPhase section */

/* Begin PBXSourcesBuildPhase section */
		C095C7DA2DF5F37D002953F0 /* Sources */ = {
			isa = PBXSourcesBuildPhase;
			buildActionMask = 2147483647;
			files = (
			);
			runOnlyForDeploymentPostprocessing = 0;
		};
		C095C7E72DF5F37E002953F0 /* Sources */ = {
			isa = PBXSourcesBuildPhase;
			buildActionMask = 2147483647;
			files = (
			);
			runOnlyForDeploymentPostprocessing = 0;
		};
		C095C7F12DF5F37E002953F0 /* Sources */ = {
			isa = PBXSourcesBuildPhase;
			buildActionMask = 2147483647;
			files = (
			);
			runOnlyForDeploymentPostprocessing = 0;
		};
/* End PBXSourcesBuildPhase section */

/* Begin PBXTargetDependency section */
		C095C7ED2DF5F37E002953F0 /* PBXTargetDependency */ = {
			isa = PBXTargetDependency;
			target = C095C7DD2DF5F37D002953F0 /* FinancialTracker */;
			targetProxy = C095C7EC2DF5F37E002953F0 /* PBXContainerItemProxy */;
		};
		C095C7F72DF5F37E002953F0 /* PBXTargetDependency */ = {
			isa = PBXTargetDependency;
			target = C095C7DD2DF5F37D002953F0 /* FinancialTracker */;
			targetProxy = C095C7F62DF5F37E002953F0 /* PBXContainerItemProxy */;
		};
/* End PBXTargetDependency section */

/* Begin XCBuildConfiguration section */
		C095C7FD2DF5F37E002953F0 /* Debug */ = {
			isa = XCBuildConfiguration;
			buildSettings = {
				ALWAYS_SEARCH_USER_PATHS = NO;
				ASSETCATALOG_COMPILER_GENERATE_SWIFT_ASSET_SYMBOL_EXTENSIONS = YES;
				CLANG_ANALYZER_NONNULL = YES;
				CLANG_ANALYZER_NUMBER_OBJECT_CONVERSION = YES_AGGRESSIVE;
				CLANG_CXX_LANGUAGE_STANDARD = "gnu++20";
				CLANG_ENABLE_MODULES = YES;
				CLANG_ENABLE_OBJC_ARC = YES;
				CLANG_ENABLE_OBJC_WEAK = YES;
				CLANG_WARN_BLOCK_CAPTURE_AUTORELEASING = YES;
				CLANG_WARN_BOOL_CONVERSION = YES;
				CLANG_WARN_COMMA = YES;
				CLANG_WARN_CONSTANT_CONVERSION = YES;
				CLANG_WARN_DEPRECATED_OBJC_IMPLEMENTATIONS = YES;
				CLANG_WARN_DIRECT_OBJC_ISA_USAGE = YES_ERROR;
				CLANG_WARN_DOCUMENTATION_COMMENTS = YES;
				CLANG_WARN_EMPTY_BODY = YES;
				CLANG_WARN_ENUM_CONVERSION = YES;
				CLANG_WARN_INFINITE_RECURSION = YES;
				CLANG_WARN_INT_CONVERSION = YES;
				CLANG_WARN_NON_LITERAL_NULL_CONVERSION = YES;
				CLANG_WARN_OBJC_IMPLICIT_RETAIN_SELF = YES;
				CLANG_WARN_OBJC_LITERAL_CONVERSION = YES;
				CLANG_WARN_OBJC_ROOT_CLASS = YES_ERROR;
				CLANG_WARN_QUOTED_INCLUDE_IN_FRAMEWORK_HEADER = YES;
				CLANG_WARN_RANGE_LOOP_ANALYSIS = YES;
				CLANG_WARN_STRICT_PROTOTYPES = YES;
				CLANG_WARN_SUSPICIOUS_MOVE = YES;
				CLANG_WARN_UNGUARDED_AVAILABILITY = YES_AGGRESSIVE;
				CLANG_WARN_UNREACHABLE_CODE = YES;
				CLANG_WARN__DUPLICATE_METHOD_MATCH = YES;
				COPY_PHASE_STRIP = NO;
				DEBUG_INFORMATION_FORMAT = dwarf;
				DEVELOPMENT_TEAM = DV37M5WAH6;
				ENABLE_STRICT_OBJC_MSGSEND = YES;
				ENABLE_TESTABILITY = YES;
				ENABLE_USER_SCRIPT_SANDBOXING = YES;
				GCC_C_LANGUAGE_STANDARD = gnu17;
				GCC_DYNAMIC_NO_PIC = NO;
				GCC_NO_COMMON_BLOCKS = YES;
				GCC_OPTIMIZATION_LEVEL = 0;
				GCC_PREPROCESSOR_DEFINITIONS = (
					"DEBUG=1",
					"$(inherited)",
				);
				GCC_WARN_64_TO_32_BIT_CONVERSION = YES;
				GCC_WARN_ABOUT_RETURN_TYPE = YES_ERROR;
				GCC_WARN_UNDECLARED_SELECTOR = YES;
				GCC_WARN_UNINITIALIZED_AUTOS = YES_AGGRESSIVE;
				GCC_WARN_UNUSED_FUNCTION = YES;
				GCC_WARN_UNUSED_VARIABLE = YES;
				IPHONEOS_DEPLOYMENT_TARGET = 18.5;
				LOCALIZATION_PREFERS_STRING_CATALOGS = YES;
				MTL_ENABLE_DEBUG_INFO = INCLUDE_SOURCE;
				MTL_FAST_MATH = YES;
				ONLY_ACTIVE_ARCH = YES;
				SDKROOT = iphoneos;
				SWIFT_ACTIVE_COMPILATION_CONDITIONS = "DEBUG $(inherited)";
				SWIFT_OPTIMIZATION_LEVEL = "-Onone";
			};
			name = Debug;
		};
		C095C7FE2DF5F37E002953F0 /* Release */ = {
			isa = XCBuildConfiguration;
			buildSettings = {
				ALWAYS_SEARCH_USER_PATHS = NO;
				ASSETCATALOG_COMPILER_GENERATE_SWIFT_ASSET_SYMBOL_EXTENSIONS = YES;
				CLANG_ANALYZER_NONNULL = YES;
				CLANG_ANALYZER_NUMBER_OBJECT_CONVERSION = YES_AGGRESSIVE;
				CLANG_CXX_LANGUAGE_STANDARD = "gnu++20";
				CLANG_ENABLE_MODULES = YES;
				CLANG_ENABLE_OBJC_ARC = YES;
				CLANG_ENABLE_OBJC_WEAK = YES;
				CLANG_WARN_BLOCK_CAPTURE_AUTORELEASING = YES;
				CLANG_WARN_BOOL_CONVERSION = YES;
				CLANG_WARN_COMMA = YES;
				CLANG_WARN_CONSTANT_CONVERSION = YES;
				CLANG_WARN_DEPRECATED_OBJC_IMPLEMENTATIONS = YES;
				CLANG_WARN_DIRECT_OBJC_ISA_USAGE = YES_ERROR;
				CLANG_WARN_DOCUMENTATION_COMMENTS = YES;
				CLANG_WARN_EMPTY_BODY = YES;
				CLANG_WARN_ENUM_CONVERSION = YES;
				CLANG_WARN_INFINITE_RECURSION = YES;
				CLANG_WARN_INT_CONVERSION = YES;
				CLANG_WARN_NON_LITERAL_NULL_CONVERSION = YES;
				CLANG_WARN_OBJC_IMPLICIT_RETAIN_SELF = YES;
				CLANG_WARN_OBJC_LITERAL_CONVERSION = YES;
				CLANG_WARN_OBJC_ROOT_CLASS = YES_ERROR;
				CLANG_WARN_QUOTED_INCLUDE_IN_FRAMEWORK_HEADER = YES;
				CLANG_WARN_RANGE_LOOP_ANALYSIS = YES;
				CLANG_WARN_STRICT_PROTOTYPES = YES;
				CLANG_WARN_SUSPICIOUS_MOVE = YES;
				CLANG_WARN_UNGUARDED_AVAILABILITY = YES_AGGRESSIVE;
				CLANG_WARN_UNREACHABLE_CODE = YES;
				CLANG_WARN__DUPLICATE_METHOD_MATCH = YES;
				COPY_PHASE_STRIP = NO;
				DEBUG_INFORMATION_FORMAT = "dwarf-with-dsym";
				DEVELOPMENT_TEAM = DV37M5WAH6;
				ENABLE_NS_ASSERTIONS = NO;
				ENABLE_STRICT_OBJC_MSGSEND = YES;
				ENABLE_USER_SCRIPT_SANDBOXING = YES;
				GCC_C_LANGUAGE_STANDARD = gnu17;
				GCC_NO_COMMON_BLOCKS = YES;
				GCC_WARN_64_TO_32_BIT_CONVERSION = YES;
				GCC_WARN_ABOUT_RETURN_TYPE = YES_ERROR;
				GCC_WARN_UNDECLARED_SELECTOR = YES;
				GCC_WARN_UNINITIALIZED_AUTOS = YES_AGGRESSIVE;
				GCC_WARN_UNUSED_FUNCTION = YES;
				GCC_WARN_UNUSED_VARIABLE = YES;
				IPHONEOS_DEPLOYMENT_TARGET = 18.5;
				LOCALIZATION_PREFERS_STRING_CATALOGS = YES;
				MTL_ENABLE_DEBUG_INFO = NO;
				MTL_FAST_MATH = YES;
				SDKROOT = iphoneos;
				SWIFT_COMPILATION_MODE = wholemodule;
				VALIDATE_PRODUCT = YES;
			};
			name = Release;
		};
		C095C8002DF5F37E002953F0 /* Debug */ = {
			isa = XCBuildConfiguration;
			buildSettings = {
				ASSETCATALOG_COMPILER_APPICON_NAME = AppIcon;
				ASSETCATALOG_COMPILER_GLOBAL_ACCENT_COLOR_NAME = AccentColor;
				CODE_SIGN_STYLE = Automatic;
				CURRENT_PROJECT_VERSION = 1;
				DEVELOPMENT_TEAM = DV37M5WAH6;
				ENABLE_PREVIEWS = YES;
				GENERATE_INFOPLIST_FILE = YES;
				INFOPLIST_KEY_UIApplicationSceneManifest_Generation = YES;
				INFOPLIST_KEY_UIApplicationSupportsIndirectInputEvents = YES;
				INFOPLIST_KEY_UILaunchScreen_Generation = YES;
				INFOPLIST_KEY_UISupportedInterfaceOrientations_iPad = "UIInterfaceOrientationPortrait UIInterfaceOrientationPortraitUpsideDown UIInterfaceOrientationLandscapeLeft UIInterfaceOrientationLandscapeRight";
				INFOPLIST_KEY_UISupportedInterfaceOrientations_iPhone = "UIInterfaceOrientationPortrait UIInterfaceOrientationLandscapeLeft UIInterfaceOrientationLandscapeRight";
				LD_RUNPATH_SEARCH_PATHS = (
					"$(inherited)",
					"@executable_path/Frameworks",
				);
				MARKETING_VERSION = 1.0;
				PRODUCT_BUNDLE_IDENTIFIER = com.mogilnydaniel.FinancialTracker;
				PRODUCT_NAME = "$(TARGET_NAME)";
				SWIFT_EMIT_LOC_STRINGS = YES;
				SWIFT_VERSION = 5.0;
				TARGETED_DEVICE_FAMILY = "1,2";
			};
			name = Debug;
		};
		C095C8012DF5F37E002953F0 /* Release */ = {
			isa = XCBuildConfiguration;
			buildSettings = {
				ASSETCATALOG_COMPILER_APPICON_NAME = AppIcon;
				ASSETCATALOG_COMPILER_GLOBAL_ACCENT_COLOR_NAME = AccentColor;
				CODE_SIGN_STYLE = Automatic;
				CURRENT_PROJECT_VERSION = 1;
				DEVELOPMENT_TEAM = DV37M5WAH6;
				ENABLE_PREVIEWS = YES;
				GENERATE_INFOPLIST_FILE = YES;
				INFOPLIST_KEY_UIApplicationSceneManifest_Generation = YES;
				INFOPLIST_KEY_UIApplicationSupportsIndirectInputEvents = YES;
				INFOPLIST_KEY_UILaunchScreen_Generation = YES;
				INFOPLIST_KEY_UISupportedInterfaceOrientations_iPad = "UIInterfaceOrientationPortrait UIInterfaceOrientationPortraitUpsideDown UIInterfaceOrientationLandscapeLeft UIInterfaceOrientationLandscapeRight";
				INFOPLIST_KEY_UISupportedInterfaceOrientations_iPhone = "UIInterfaceOrientationPortrait UIInterfaceOrientationLandscapeLeft UIInterfaceOrientationLandscapeRight";
				LD_RUNPATH_SEARCH_PATHS = (
					"$(inherited)",
					"@executable_path/Frameworks",
				);
				MARKETING_VERSION = 1.0;
				PRODUCT_BUNDLE_IDENTIFIER = com.mogilnydaniel.FinancialTracker;
				PRODUCT_NAME = "$(TARGET_NAME)";
				SWIFT_EMIT_LOC_STRINGS = YES;
				SWIFT_VERSION = 5.0;
				TARGETED_DEVICE_FAMILY = "1,2";
			};
			name = Release;
		};
		C095C8032DF5F37E002953F0 /* Debug */ = {
			isa = XCBuildConfiguration;
			buildSettings = {
				BUNDLE_LOADER = "$(TEST_HOST)";
				CODE_SIGN_STYLE = Automatic;
				CURRENT_PROJECT_VERSION = 1;
				DEVELOPMENT_TEAM = DV37M5WAH6;
				GENERATE_INFOPLIST_FILE = YES;
				IPHONEOS_DEPLOYMENT_TARGET = 18.5;
				MARKETING_VERSION = 1.0;
				PRODUCT_BUNDLE_IDENTIFIER = com.mogilnydaniel.FinancialTrackerTests;
				PRODUCT_NAME = "$(TARGET_NAME)";
				SWIFT_EMIT_LOC_STRINGS = NO;
				SWIFT_VERSION = 5.0;
				TARGETED_DEVICE_FAMILY = "1,2";
				TEST_HOST = "$(BUILT_PRODUCTS_DIR)/FinancialTracker.app/$(BUNDLE_EXECUTABLE_FOLDER_PATH)/FinancialTracker";
			};
			name = Debug;
		};
		C095C8042DF5F37E002953F0 /* Release */ = {
			isa = XCBuildConfiguration;
			buildSettings = {
				BUNDLE_LOADER = "$(TEST_HOST)";
				CODE_SIGN_STYLE = Automatic;
				CURRENT_PROJECT_VERSION = 1;
				DEVELOPMENT_TEAM = DV37M5WAH6;
				GENERATE_INFOPLIST_FILE = YES;
				IPHONEOS_DEPLOYMENT_TARGET = 18.5;
				MARKETING_VERSION = 1.0;
				PRODUCT_BUNDLE_IDENTIFIER = com.mogilnydaniel.FinancialTrackerTests;
				PRODUCT_NAME = "$(TARGET_NAME)";
				SWIFT_EMIT_LOC_STRINGS = NO;
				SWIFT_VERSION = 5.0;
				TARGETED_DEVICE_FAMILY = "1,2";
				TEST_HOST = "$(BUILT_PRODUCTS_DIR)/FinancialTracker.app/$(BUNDLE_EXECUTABLE_FOLDER_PATH)/FinancialTracker";
			};
			name = Release;
		};
		C095C8062DF5F37E002953F0 /* Debug */ = {
			isa = XCBuildConfiguration;
			buildSettings = {
				CODE_SIGN_STYLE = Automatic;
				CURRENT_PROJECT_VERSION = 1;
				DEVELOPMENT_TEAM = DV37M5WAH6;
				GENERATE_INFOPLIST_FILE = YES;
				MARKETING_VERSION = 1.0;
				PRODUCT_BUNDLE_IDENTIFIER = com.mogilnydaniel.FinancialTrackerUITests;
				PRODUCT_NAME = "$(TARGET_NAME)";
				SWIFT_EMIT_LOC_STRINGS = NO;
				SWIFT_VERSION = 5.0;
				TARGETED_DEVICE_FAMILY = "1,2";
				TEST_TARGET_NAME = FinancialTracker;
			};
			name = Debug;
		};
		C095C8072DF5F37E002953F0 /* Release */ = {
			isa = XCBuildConfiguration;
			buildSettings = {
				CODE_SIGN_STYLE = Automatic;
				CURRENT_PROJECT_VERSION = 1;
				DEVELOPMENT_TEAM = DV37M5WAH6;
				GENERATE_INFOPLIST_FILE = YES;
				MARKETING_VERSION = 1.0;
				PRODUCT_BUNDLE_IDENTIFIER = com.mogilnydaniel.FinancialTrackerUITests;
				PRODUCT_NAME = "$(TARGET_NAME)";
				SWIFT_EMIT_LOC_STRINGS = NO;
				SWIFT_VERSION = 5.0;
				TARGETED_DEVICE_FAMILY = "1,2";
				TEST_TARGET_NAME = FinancialTracker;
			};
			name = Release;
		};
/* End XCBuildConfiguration section */

/* Begin XCConfigurationList section */
		C095C7D92DF5F37D002953F0 /* Build configuration list for PBXProject "FinancialTracker" */ = {
			isa = XCConfigurationList;
			buildConfigurations = (
				C095C7FD2DF5F37E002953F0 /* Debug */,
				C095C7FE2DF5F37E002953F0 /* Release */,
			);
			defaultConfigurationIsVisible = 0;
			defaultConfigurationName = Release;
		};
		C095C7FF2DF5F37E002953F0 /* Build configuration list for PBXNativeTarget "FinancialTracker" */ = {
			isa = XCConfigurationList;
			buildConfigurations = (
				C095C8002DF5F37E002953F0 /* Debug */,
				C095C8012DF5F37E002953F0 /* Release */,
			);
			defaultConfigurationIsVisible = 0;
			defaultConfigurationName = Release;
		};
		C095C8022DF5F37E002953F0 /* Build configuration list for PBXNativeTarget "FinancialTrackerTests" */ = {
			isa = XCConfigurationList;
			buildConfigurations = (
				C095C8032DF5F37E002953F0 /* Debug */,
				C095C8042DF5F37E002953F0 /* Release */,
			);
			defaultConfigurationIsVisible = 0;
			defaultConfigurationName = Release;
		};
		C095C8052DF5F37E002953F0 /* Build configuration list for PBXNativeTarget "FinancialTrackerUITests" */ = {
			isa = XCConfigurationList;
			buildConfigurations = (
				C095C8062DF5F37E002953F0 /* Debug */,
				C095C8072DF5F37E002953F0 /* Release */,
			);
			defaultConfigurationIsVisible = 0;
			defaultConfigurationName = Release;
		};
/* End XCConfigurationList section */
	};
	rootObject = C095C7D62DF5F37D002953F0 /* Project object */;
}
